
Microsoft Visual Studio Solution File, Format Version 12.00
# Visual Studio 15
VisualStudioVersion = 15.0.27130.2024
MinimumVisualStudioVersion = 10.0.40219.1
Project("{FAE04EC0-301F-11D3-BF4B-00C04F79EFBC}") = "EntityModel", "EntityModel\EntityModel.csproj", "{3EE51899-7653-492C-AE79-3AA11F6F6B90}"
EndProject
Project("{FAE04EC0-301F-11D3-BF4B-00C04F79EFBC}") = "DataAccess", "DataAccess\DataAccess.csproj", "{BDF2F5B9-B008-480D-80E4-0BA89B4CDD4A}"
EndProject
Project("{FAE04EC0-301F-11D3-BF4B-00C04F79EFBC}") = "BasementRenting", "BasementRenting\BasementRenting.csproj", "{AF19F368-66CB-40A8-BDF3-F50B40416C01}"
EndProject
Global
	GlobalSection(SolutionConfigurationPlatforms) = preSolution
		Debug|Any CPU = Debug|Any CPU
		Release|Any CPU = Release|Any CPU
	EndGlobalSection
	GlobalSection(ProjectConfigurationPlatforms) = postSolution
		{3EE51899-7653-492C-AE79-3AA11F6F6B90}.Debug|Any CPU.ActiveCfg = Debug|Any CPU
		{3EE51899-7653-492C-AE79-3AA11F6F6B90}.Debug|Any CPU.Build.0 = Debug|Any CPU
		{3EE51899-7653-492C-AE79-3AA11F6F6B90}.Release|Any CPU.ActiveCfg = Release|Any CPU
		{3EE51899-7653-492C-AE79-3AA11F6F6B90}.Release|Any CPU.Build.0 = Release|Any CPU
		{BDF2F5B9-B008-480D-80E4-0BA89B4CDD4A}.Debug|Any CPU.ActiveCfg = Debug|Any CPU
		{BDF2F5B9-B008-480D-80E4-0BA89B4CDD4A}.Debug|Any CPU.Build.0 = Debug|Any CPU
		{BDF2F5B9-B008-480D-80E4-0BA89B4CDD4A}.Release|Any CPU.ActiveCfg = Release|Any CPU
		{BDF2F5B9-B008-480D-80E4-0BA89B4CDD4A}.Release|Any CPU.Build.0 = Release|Any CPU
		{AF19F368-66CB-40A8-BDF3-F50B40416C01}.Debug|Any CPU.ActiveCfg = Debug|Any CPU
		{AF19F368-66CB-40A8-BDF3-F50B40416C01}.Debug|Any CPU.Build.0 = Debug|Any CPU
		{AF19F368-66CB-40A8-BDF3-F50B40416C01}.Release|Any CPU.ActiveCfg = Release|Any CPU
		{AF19F368-66CB-40A8-BDF3-F50B40416C01}.Release|Any CPU.Build.0 = Release|Any CPU
	EndGlobalSection
	GlobalSection(SolutionProperties) = preSolution
		HideSolutionNode = FALSE
	EndGlobalSection
	GlobalSection(ExtensibilityGlobals) = postSolution
		SolutionGuid = {94E5C4D4-C7C0-41F1-8C1A-F8583761E2B9}
	EndGlobalSection
EndGlobal
